// !$*UTF8*$!
{
	archiveVersion = 1;
	classes = {
	};
	objectVersion = 46;
	objects = {

/* Begin PBXBuildFile section */
		100509931504368A0060B6E4 /* CalculatorGraphVariableChooserViewController.m in Sources */ = {isa = PBXBuildFile; fileRef = 100509921504368A0060B6E4 /* CalculatorGraphVariableChooserViewController.m */; };
		1024187714D2445500E0881F /* UIKit.framework in Frameworks */ = {isa = PBXBuildFile; fileRef = 1024187614D2445500E0881F /* UIKit.framework */; };
		1024187914D2445500E0881F /* Foundation.framework in Frameworks */ = {isa = PBXBuildFile; fileRef = 1024187814D2445500E0881F /* Foundation.framework */; };
		1024187B14D2445500E0881F /* CoreGraphics.framework in Frameworks */ = {isa = PBXBuildFile; fileRef = 1024187A14D2445500E0881F /* CoreGraphics.framework */; };
		1024188114D2445500E0881F /* InfoPlist.strings in Resources */ = {isa = PBXBuildFile; fileRef = 1024187F14D2445500E0881F /* InfoPlist.strings */; };
		1024188314D2445500E0881F /* main.m in Sources */ = {isa = PBXBuildFile; fileRef = 1024188214D2445500E0881F /* main.m */; };
		1024188714D2445500E0881F /* CalculatorAppDelegate.m in Sources */ = {isa = PBXBuildFile; fileRef = 1024188614D2445500E0881F /* CalculatorAppDelegate.m */; };
		1024188A14D2445500E0881F /* MainStoryboard_iPhone.storyboard in Resources */ = {isa = PBXBuildFile; fileRef = 1024188814D2445500E0881F /* MainStoryboard_iPhone.storyboard */; };
		1024188D14D2445500E0881F /* MainStoryboard_iPad.storyboard in Resources */ = {isa = PBXBuildFile; fileRef = 1024188B14D2445500E0881F /* MainStoryboard_iPad.storyboard */; };
		103AA1BF17204B2700DFDC99 /* Default-568h@2x.png in Resources */ = {isa = PBXBuildFile; fileRef = 103AA1BE17204B2700DFDC99 /* Default-568h@2x.png */; };
		1042188914D755FE00A48E7E /* CalculatorVariablesViewController.m in Sources */ = {isa = PBXBuildFile; fileRef = 1042188814D755FE00A48E7E /* CalculatorVariablesViewController.m */; };
		1042188F14D7904800A48E7E /* CalculatorVariablesDetailViewController.m in Sources */ = {isa = PBXBuildFile; fileRef = 1042188E14D7904800A48E7E /* CalculatorVariablesDetailViewController.m */; };
		1050C6B014D7C3970077F204 /* CalculatorFunctionViewController.m in Sources */ = {isa = PBXBuildFile; fileRef = 1050C6AF14D7C3970077F204 /* CalculatorFunctionViewController.m */; };
		1050C6B414D7C7F60077F204 /* CalculatorBrain.m in Sources */ = {isa = PBXBuildFile; fileRef = 1050C6B314D7C7F60077F204 /* CalculatorBrain.m */; };
		109C3EFA14D748E500B543D6 /* CalculatorFunction.m in Sources */ = {isa = PBXBuildFile; fileRef = 109C3EF714D748E500B543D6 /* CalculatorFunction.m */; };
		109C3EFB14D748E500B543D6 /* CalculatorViewController.m in Sources */ = {isa = PBXBuildFile; fileRef = 109C3EF914D748E500B543D6 /* CalculatorViewController.m */; };
		109C3EFE14D74AE700B543D6 /* CalculatorViewControllerIpad.m in Sources */ = {isa = PBXBuildFile; fileRef = 109C3EFD14D74AE700B543D6 /* CalculatorViewControllerIpad.m */; };
		10E7F3C315043B5E00C84907 /* CalculatorGraphViewController.m in Sources */ = {isa = PBXBuildFile; fileRef = 10E7F3C215043B5E00C84907 /* CalculatorGraphViewController.m */; };
		10E7F3C715043B8600C84907 /* CalculatorGraphView.m in Sources */ = {isa = PBXBuildFile; fileRef = 10E7F3C615043B8600C84907 /* CalculatorGraphView.m */; };
		10F235CC1510F5D200D1BD70 /* CalculatorScaleGestureRecognizer.m in Sources */ = {isa = PBXBuildFile; fileRef = 10F235CB1510F5D200D1BD70 /* CalculatorScaleGestureRecognizer.m */; };
/* End PBXBuildFile section */

/* Begin PBXFileReference section */
		100509911504368A0060B6E4 /* CalculatorGraphVariableChooserViewController.h */ = {isa = PBXFileReference; fileEncoding = 4; lastKnownFileType = sourcecode.c.h; path = CalculatorGraphVariableChooserViewController.h; sourceTree = "<group>"; };
		100509921504368A0060B6E4 /* CalculatorGraphVariableChooserViewController.m */ = {isa = PBXFileReference; fileEncoding = 4; lastKnownFileType = sourcecode.c.objc; path = CalculatorGraphVariableChooserViewController.m; sourceTree = "<group>"; };
		1024187214D2445500E0881F /* GraphingCalculator.app */ = {isa = PBXFileReference; explicitFileType = wrapper.application; includeInIndex = 0; path = GraphingCalculator.app; sourceTree = BUILT_PRODUCTS_DIR; };
		1024187614D2445500E0881F /* UIKit.framework */ = {isa = PBXFileReference; lastKnownFileType = wrapper.framework; name = UIKit.framework; path = System/Library/Frameworks/UIKit.framework; sourceTree = SDKROOT; };
		1024187814D2445500E0881F /* Foundation.framework */ = {isa = PBXFileReference; lastKnownFileType = wrapper.framework; name = Foundation.framework; path = System/Library/Frameworks/Foundation.framework; sourceTree = SDKROOT; };
		1024187A14D2445500E0881F /* CoreGraphics.framework */ = {isa = PBXFileReference; lastKnownFileType = wrapper.framework; name = CoreGraphics.framework; path = System/Library/Frameworks/CoreGraphics.framework; sourceTree = SDKROOT; };
		1024187E14D2445500E0881F /* GraphingCalculator-Info.plist */ = {isa = PBXFileReference; lastKnownFileType = text.plist.xml; path = "GraphingCalculator-Info.plist"; sourceTree = "<group>"; };
		1024188014D2445500E0881F /* en */ = {isa = PBXFileReference; lastKnownFileType = text.plist.strings; name = en; path = en.lproj/InfoPlist.strings; sourceTree = "<group>"; };
		1024188214D2445500E0881F /* main.m */ = {isa = PBXFileReference; lastKnownFileType = sourcecode.c.objc; path = main.m; sourceTree = "<group>"; };
		1024188414D2445500E0881F /* GraphingCalculator-Prefix.pch */ = {isa = PBXFileReference; lastKnownFileType = sourcecode.c.h; path = "GraphingCalculator-Prefix.pch"; sourceTree = "<group>"; };
		1024188514D2445500E0881F /* CalculatorAppDelegate.h */ = {isa = PBXFileReference; lastKnownFileType = sourcecode.c.h; path = CalculatorAppDelegate.h; sourceTree = "<group>"; };
		1024188614D2445500E0881F /* CalculatorAppDelegate.m */ = {isa = PBXFileReference; lastKnownFileType = sourcecode.c.objc; path = CalculatorAppDelegate.m; sourceTree = "<group>"; };
		1024188914D2445500E0881F /* en */ = {isa = PBXFileReference; lastKnownFileType = file.storyboard; name = en; path = en.lproj/MainStoryboard_iPhone.storyboard; sourceTree = "<group>"; };
		1024188C14D2445500E0881F /* en */ = {isa = PBXFileReference; lastKnownFileType = file.storyboard; name = en; path = en.lproj/MainStoryboard_iPad.storyboard; sourceTree = "<group>"; };
		103AA1BE17204B2700DFDC99 /* Default-568h@2x.png */ = {isa = PBXFileReference; lastKnownFileType = image.png; name = "Default-568h@2x.png"; path = "../Default-568h@2x.png"; sourceTree = "<group>"; };
		1042188714D755FE00A48E7E /* CalculatorVariablesViewController.h */ = {isa = PBXFileReference; fileEncoding = 4; lastKnownFileType = sourcecode.c.h; path = CalculatorVariablesViewController.h; sourceTree = "<group>"; };
		1042188814D755FE00A48E7E /* CalculatorVariablesViewController.m */ = {isa = PBXFileReference; fileEncoding = 4; lastKnownFileType = sourcecode.c.objc; path = CalculatorVariablesViewController.m; sourceTree = "<group>"; };
		1042188D14D7904800A48E7E /* CalculatorVariablesDetailViewController.h */ = {isa = PBXFileReference; fileEncoding = 4; lastKnownFileType = sourcecode.c.h; path = CalculatorVariablesDetailViewController.h; sourceTree = "<group>"; };
		1042188E14D7904800A48E7E /* CalculatorVariablesDetailViewController.m */ = {isa = PBXFileReference; fileEncoding = 4; lastKnownFileType = sourcecode.c.objc; path = CalculatorVariablesDetailViewController.m; sourceTree = "<group>"; };
		1050C6AE14D7C3970077F204 /* CalculatorFunctionViewController.h */ = {isa = PBXFileReference; fileEncoding = 4; lastKnownFileType = sourcecode.c.h; path = CalculatorFunctionViewController.h; sourceTree = "<group>"; };
		1050C6AF14D7C3970077F204 /* CalculatorFunctionViewController.m */ = {isa = PBXFileReference; fileEncoding = 4; lastKnownFileType = sourcecode.c.objc; path = CalculatorFunctionViewController.m; sourceTree = "<group>"; };
		1050C6B214D7C7F60077F204 /* CalculatorBrain.h */ = {isa = PBXFileReference; fileEncoding = 4; lastKnownFileType = sourcecode.c.h; path = CalculatorBrain.h; sourceTree = "<group>"; };
		1050C6B314D7C7F60077F204 /* CalculatorBrain.m */ = {isa = PBXFileReference; fileEncoding = 4; lastKnownFileType = sourcecode.c.objc; path = CalculatorBrain.m; sourceTree = "<group>"; };
		109C3EF614D748E500B543D6 /* CalculatorFunction.h */ = {isa = PBXFileReference; fileEncoding = 4; lastKnownFileType = sourcecode.c.h; path = CalculatorFunction.h; sourceTree = "<group>"; };
		109C3EF714D748E500B543D6 /* CalculatorFunction.m */ = {isa = PBXFileReference; fileEncoding = 4; lastKnownFileType = sourcecode.c.objc; path = CalculatorFunction.m; sourceTree = "<group>"; };
		109C3EF814D748E500B543D6 /* CalculatorViewController.h */ = {isa = PBXFileReference; fileEncoding = 4; lastKnownFileType = sourcecode.c.h; path = CalculatorViewController.h; sourceTree = "<group>"; };
		109C3EF914D748E500B543D6 /* CalculatorViewController.m */ = {isa = PBXFileReference; fileEncoding = 4; lastKnownFileType = sourcecode.c.objc; path = CalculatorViewController.m; sourceTree = "<group>"; };
		109C3EFC14D74AE700B543D6 /* CalculatorViewControllerIpad.h */ = {isa = PBXFileReference; fileEncoding = 4; lastKnownFileType = sourcecode.c.h; path = CalculatorViewControllerIpad.h; sourceTree = "<group>"; };
		109C3EFD14D74AE700B543D6 /* CalculatorViewControllerIpad.m */ = {isa = PBXFileReference; fileEncoding = 4; lastKnownFileType = sourcecode.c.objc; path = CalculatorViewControllerIpad.m; sourceTree = "<group>"; };
		10E7F3C115043B5E00C84907 /* CalculatorGraphViewController.h */ = {isa = PBXFileReference; fileEncoding = 4; lastKnownFileType = sourcecode.c.h; path = CalculatorGraphViewController.h; sourceTree = "<group>"; };
		10E7F3C215043B5E00C84907 /* CalculatorGraphViewController.m */ = {isa = PBXFileReference; fileEncoding = 4; lastKnownFileType = sourcecode.c.objc; path = CalculatorGraphViewController.m; sourceTree = "<group>"; };
		10E7F3C515043B8600C84907 /* CalculatorGraphView.h */ = {isa = PBXFileReference; fileEncoding = 4; lastKnownFileType = sourcecode.c.h; path = CalculatorGraphView.h; sourceTree = "<group>"; };
		10E7F3C615043B8600C84907 /* CalculatorGraphView.m */ = {isa = PBXFileReference; fileEncoding = 4; lastKnownFileType = sourcecode.c.objc; lineEnding = 0; path = CalculatorGraphView.m; sourceTree = "<group>"; xcLanguageSpecificationIdentifier = xcode.lang.objc; };
		10F235CA1510F5D200D1BD70 /* CalculatorScaleGestureRecognizer.h */ = {isa = PBXFileReference; fileEncoding = 4; lastKnownFileType = sourcecode.c.h; path = CalculatorScaleGestureRecognizer.h; sourceTree = "<group>"; };
		10F235CB1510F5D200D1BD70 /* CalculatorScaleGestureRecognizer.m */ = {isa = PBXFileReference; fileEncoding = 4; lastKnownFileType = sourcecode.c.objc; path = CalculatorScaleGestureRecognizer.m; sourceTree = "<group>"; };
/* End PBXFileReference section */

/* Begin PBXFrameworksBuildPhase section */
		1024186F14D2445500E0881F /* Frameworks */ = {
			isa = PBXFrameworksBuildPhase;
			buildActionMask = 2147483647;
			files = (
				1024187714D2445500E0881F /* UIKit.framework in Frameworks */,
				1024187914D2445500E0881F /* Foundation.framework in Frameworks */,
				1024187B14D2445500E0881F /* CoreGraphics.framework in Frameworks */,
			);
			runOnlyForDeploymentPostprocessing = 0;
		};
/* End PBXFrameworksBuildPhase section */

/* Begin PBXGroup section */
		1024186714D2445500E0881F = {
			isa = PBXGroup;
			children = (
				1024187C14D2445500E0881F /* GraphingCalculator */,
				1024187514D2445500E0881F /* Frameworks */,
				1024187314D2445500E0881F /* Products */,
			);
			sourceTree = "<group>";
		};
		1024187314D2445500E0881F /* Products */ = {
			isa = PBXGroup;
			children = (
				1024187214D2445500E0881F /* GraphingCalculator.app */,
			);
			name = Products;
			sourceTree = "<group>";
		};
		1024187514D2445500E0881F /* Frameworks */ = {
			isa = PBXGroup;
			children = (
				1024187614D2445500E0881F /* UIKit.framework */,
				1024187814D2445500E0881F /* Foundation.framework */,
				1024187A14D2445500E0881F /* CoreGraphics.framework */,
			);
			name = Frameworks;
			sourceTree = "<group>";
		};
		1024187C14D2445500E0881F /* GraphingCalculator */ = {
			isa = PBXGroup;
			children = (
				1024188514D2445500E0881F /* CalculatorAppDelegate.h */,
				1024188614D2445500E0881F /* CalculatorAppDelegate.m */,
				1050C6AE14D7C3970077F204 /* CalculatorFunctionViewController.h */,
				1050C6AF14D7C3970077F204 /* CalculatorFunctionViewController.m */,
				1042188714D755FE00A48E7E /* CalculatorVariablesViewController.h */,
				1042188814D755FE00A48E7E /* CalculatorVariablesViewController.m */,
				1042188D14D7904800A48E7E /* CalculatorVariablesDetailViewController.h */,
				1042188E14D7904800A48E7E /* CalculatorVariablesDetailViewController.m */,
				100509911504368A0060B6E4 /* CalculatorGraphVariableChooserViewController.h */,
				100509921504368A0060B6E4 /* CalculatorGraphVariableChooserViewController.m */,
				10E7F3C115043B5E00C84907 /* CalculatorGraphViewController.h */,
				10E7F3C215043B5E00C84907 /* CalculatorGraphViewController.m */,
				10E7F3C515043B8600C84907 /* CalculatorGraphView.h */,
				10E7F3C615043B8600C84907 /* CalculatorGraphView.m */,
				10F235CA1510F5D200D1BD70 /* CalculatorScaleGestureRecognizer.h */,
				10F235CB1510F5D200D1BD70 /* CalculatorScaleGestureRecognizer.m */,
				1050C6B214D7C7F60077F204 /* CalculatorBrain.h */,
				1050C6B314D7C7F60077F204 /* CalculatorBrain.m */,
				109C3EF614D748E500B543D6 /* CalculatorFunction.h */,
				109C3EF714D748E500B543D6 /* CalculatorFunction.m */,
				109C3EF514D7489B00B543D6 /* iPhone */,
				109C3EF414D7488E00B543D6 /* iPad */,
				1024187D14D2445500E0881F /* Supporting Files */,
			);
			path = GraphingCalculator;
			sourceTree = "<group>";
		};
		1024187D14D2445500E0881F /* Supporting Files */ = {
			isa = PBXGroup;
			children = (
				103AA1BE17204B2700DFDC99 /* Default-568h@2x.png */,
				1024187E14D2445500E0881F /* GraphingCalculator-Info.plist */,
				1024187F14D2445500E0881F /* InfoPlist.strings */,
				1024188214D2445500E0881F /* main.m */,
				1024188414D2445500E0881F /* GraphingCalculator-Prefix.pch */,
			);
			name = "Supporting Files";
			sourceTree = "<group>";
		};
		109C3EF414D7488E00B543D6 /* iPad */ = {
			isa = PBXGroup;
			children = (
				1024188B14D2445500E0881F /* MainStoryboard_iPad.storyboard */,
				109C3EFC14D74AE700B543D6 /* CalculatorViewControllerIpad.h */,
				109C3EFD14D74AE700B543D6 /* CalculatorViewControllerIpad.m */,
			);
			name = iPad;
			sourceTree = "<group>";
		};
		109C3EF514D7489B00B543D6 /* iPhone */ = {
			isa = PBXGroup;
			children = (
				1024188814D2445500E0881F /* MainStoryboard_iPhone.storyboard */,
				109C3EF814D748E500B543D6 /* CalculatorViewController.h */,
				109C3EF914D748E500B543D6 /* CalculatorViewController.m */,
			);
			name = iPhone;
			sourceTree = "<group>";
		};
/* End PBXGroup section */

/* Begin PBXNativeTarget section */
		1024187114D2445500E0881F /* GraphingCalculator */ = {
			isa = PBXNativeTarget;
			buildConfigurationList = 1024189614D2445500E0881F /* Build configuration list for PBXNativeTarget "GraphingCalculator" */;
			buildPhases = (
				1024186E14D2445500E0881F /* Sources */,
				1024186F14D2445500E0881F /* Frameworks */,
				1024187014D2445500E0881F /* Resources */,
			);
			buildRules = (
			);
			dependencies = (
			);
			name = GraphingCalculator;
			productName = GraphingCalculator;
			productReference = 1024187214D2445500E0881F /* GraphingCalculator.app */;
			productType = "com.apple.product-type.application";
		};
/* End PBXNativeTarget section */

/* Begin PBXProject section */
		1024186914D2445500E0881F /* Project object */ = {
			isa = PBXProject;
			attributes = {
				LastUpgradeCheck = 0460;
			};
			buildConfigurationList = 1024186C14D2445500E0881F /* Build configuration list for PBXProject "GraphingCalculator" */;
			compatibilityVersion = "Xcode 3.2";
			developmentRegion = English;
			hasScannedForEncodings = 0;
			knownRegions = (
				en,
			);
			mainGroup = 1024186714D2445500E0881F;
			productRefGroup = 1024187314D2445500E0881F /* Products */;
			projectDirPath = "";
			projectRoot = "";
			targets = (
				1024187114D2445500E0881F /* GraphingCalculator */,
			);
		};
/* End PBXProject section */

/* Begin PBXResourcesBuildPhase section */
		1024187014D2445500E0881F /* Resources */ = {
			isa = PBXResourcesBuildPhase;
			buildActionMask = 2147483647;
			files = (
				1024188114D2445500E0881F /* InfoPlist.strings in Resources */,
				1024188A14D2445500E0881F /* MainStoryboard_iPhone.storyboard in Resources */,
				1024188D14D2445500E0881F /* MainStoryboard_iPad.storyboard in Resources */,
				103AA1BF17204B2700DFDC99 /* Default-568h@2x.png in Resources */,
			);
			runOnlyForDeploymentPostprocessing = 0;
		};
/* End PBXResourcesBuildPhase section */

/* Begin PBXSourcesBuildPhase section */
		1024186E14D2445500E0881F /* Sources */ = {
			isa = PBXSourcesBuildPhase;
			buildActionMask = 2147483647;
			files = (
				1024188314D2445500E0881F /* main.m in Sources */,
				1024188714D2445500E0881F /* CalculatorAppDelegate.m in Sources */,
				109C3EFA14D748E500B543D6 /* CalculatorFunction.m in Sources */,
				109C3EFB14D748E500B543D6 /* CalculatorViewController.m in Sources */,
				109C3EFE14D74AE700B543D6 /* CalculatorViewControllerIpad.m in Sources */,
				1042188914D755FE00A48E7E /* CalculatorVariablesViewController.m in Sources */,
				1042188F14D7904800A48E7E /* CalculatorVariablesDetailViewController.m in Sources */,
				1050C6B014D7C3970077F204 /* CalculatorFunctionViewController.m in Sources */,
				1050C6B414D7C7F60077F204 /* CalculatorBrain.m in Sources */,
				100509931504368A0060B6E4 /* CalculatorGraphVariableChooserViewController.m in Sources */,
				10E7F3C315043B5E00C84907 /* CalculatorGraphViewController.m in Sources */,
				10E7F3C715043B8600C84907 /* CalculatorGraphView.m in Sources */,
				10F235CC1510F5D200D1BD70 /* CalculatorScaleGestureRecognizer.m in Sources */,
			);
			runOnlyForDeploymentPostprocessing = 0;
		};
/* End PBXSourcesBuildPhase section */

/* Begin PBXVariantGroup section */
		1024187F14D2445500E0881F /* InfoPlist.strings */ = {
			isa = PBXVariantGroup;
			children = (
				1024188014D2445500E0881F /* en */,
			);
			name = InfoPlist.strings;
			sourceTree = "<group>";
		};
		1024188814D2445500E0881F /* MainStoryboard_iPhone.storyboard */ = {
			isa = PBXVariantGroup;
			children = (
				1024188914D2445500E0881F /* en */,
			);
			name = MainStoryboard_iPhone.storyboard;
			sourceTree = "<group>";
		};
		1024188B14D2445500E0881F /* MainStoryboard_iPad.storyboard */ = {
			isa = PBXVariantGroup;
			children = (
				1024188C14D2445500E0881F /* en */,
			);
			name = MainStoryboard_iPad.storyboard;
			sourceTree = "<group>";
		};
/* End PBXVariantGroup section */

/* Begin XCBuildConfiguration section */
		1024189414D2445500E0881F /* Debug */ = {
			isa = XCBuildConfiguration;
			buildSettings = {
				ALWAYS_SEARCH_USER_PATHS = NO;
				ARCHS = "$(ARCHS_STANDARD_32_BIT)";
				CLANG_ENABLE_OBJC_ARC = YES;
				CLANG_WARN_CONSTANT_CONVERSION = YES;
				CLANG_WARN_ENUM_CONVERSION = YES;
				CLANG_WARN_INT_CONVERSION = YES;
				CLANG_WARN__DUPLICATE_METHOD_MATCH = YES;
				"CODE_SIGN_IDENTITY[sdk=iphoneos*]" = "iPhone Developer";
				COPY_PHASE_STRIP = NO;
				GCC_C_LANGUAGE_STANDARD = gnu99;
				GCC_DYNAMIC_NO_PIC = NO;
				GCC_OPTIMIZATION_LEVEL = 0;
				GCC_PREPROCESSOR_DEFINITIONS = (
					"DEBUG=1",
					"$(inherited)",
				);
				GCC_SYMBOLS_PRIVATE_EXTERN = NO;
				GCC_VERSION = com.apple.compilers.llvm.clang.1_0;
				GCC_WARN_ABOUT_MISSING_PROTOTYPES = YES;
				GCC_WARN_ABOUT_RETURN_TYPE = YES;
				GCC_WARN_UNINITIALIZED_AUTOS = YES;
				GCC_WARN_UNUSED_VARIABLE = YES;
				IPHONEOS_DEPLOYMENT_TARGET = 5.0;
				SDKROOT = iphoneos;
				TARGETED_DEVICE_FAMILY = "1,2";
			};
			name = Debug;
		};
		1024189514D2445500E0881F /* Release */ = {
			isa = XCBuildConfiguration;
			buildSettings = {
				ALWAYS_SEARCH_USER_PATHS = NO;
				ARCHS = "$(ARCHS_STANDARD_32_BIT)";
				CLANG_ENABLE_OBJC_ARC = YES;
				CLANG_WARN_CONSTANT_CONVERSION = YES;
				CLANG_WARN_ENUM_CONVERSION = YES;
				CLANG_WARN_INT_CONVERSION = YES;
				CLANG_WARN__DUPLICATE_METHOD_MATCH = YES;
				"CODE_SIGN_IDENTITY[sdk=iphoneos*]" = "iPhone Developer";
				COPY_PHASE_STRIP = YES;
				GCC_C_LANGUAGE_STANDARD = gnu99;
				GCC_VERSION = com.apple.compilers.llvm.clang.1_0;
				GCC_WARN_ABOUT_MISSING_PROTOTYPES = YES;
				GCC_WARN_ABOUT_RETURN_TYPE = YES;
				GCC_WARN_UNINITIALIZED_AUTOS = YES;
				GCC_WARN_UNUSED_VARIABLE = YES;
				IPHONEOS_DEPLOYMENT_TARGET = 5.0;
				OTHER_CFLAGS = "-DNS_BLOCK_ASSERTIONS=1";
				SDKROOT = iphoneos;
				TARGETED_DEVICE_FAMILY = "1,2";
				VALIDATE_PRODUCT = YES;
			};
			name = Release;
		};
		1024189714D2445500E0881F /* Debug */ = {
			isa = XCBuildConfiguration;
			buildSettings = {
				GCC_PRECOMPILE_PREFIX_HEADER = YES;
				GCC_PREFIX_HEADER = "GraphingCalculator/GraphingCalculator-Prefix.pch";
				INFOPLIST_FILE = "GraphingCalculator/GraphingCalculator-Info.plist";
				PRODUCT_NAME = "$(TARGET_NAME)";
				TARGETED_DEVICE_FAMILY = 1;
				WRAPPER_EXTENSION = app;
			};
			name = Debug;
		};
		1024189814D2445500E0881F /* Release */ = {
			isa = XCBuildConfiguration;
			buildSettings = {
				GCC_PRECOMPILE_PREFIX_HEADER = YES;
				GCC_PREFIX_HEADER = "GraphingCalculator/GraphingCalculator-Prefix.pch";
				INFOPLIST_FILE = "GraphingCalculator/GraphingCalculator-Info.plist";
				PRODUCT_NAME = "$(TARGET_NAME)";
				TARGETED_DEVICE_FAMILY = 1;
				WRAPPER_EXTENSION = app;
			};
			name = Release;
		};
/* End XCBuildConfiguration section */

/* Begin XCConfigurationList section */
		1024186C14D2445500E0881F /* Build configuration list for PBXProject "GraphingCalculator" */ = {
			isa = XCConfigurationList;
			buildConfigurations = (
				1024189414D2445500E0881F /* Debug */,
				1024189514D2445500E0881F /* Release */,
			);
			defaultConfigurationIsVisible = 0;
			defaultConfigurationName = Release;
		};
		1024189614D2445500E0881F /* Build configuration list for PBXNativeTarget "GraphingCalculator" */ = {
			isa = XCConfigurationList;
			buildConfigurations = (
				1024189714D2445500E0881F /* Debug */,
				1024189814D2445500E0881F /* Release */,
			);
			defaultConfigurationIsVisible = 0;
			defaultConfigurationName = Release;
		};
/* End XCConfigurationList section */
	};
	rootObject = 1024186914D2445500E0881F /* Project object */;
}
